
Microsoft Visual Studio Solution File, Format Version 12.00
# Visual Studio Version 17
VisualStudioVersion = 17.8.34330.188
MinimumVisualStudioVersion = 10.0.40219.1
Project("{FAE04EC0-301F-11D3-BF4B-00C04F79EFBC}") = "StudentRegistratinForm", "StudentRegistratinForm\StudentRegistratinForm.csproj", "{5E899CD9-8378-4B1A-9B2F-00CC86FE52C0}"
EndProject
Global
	GlobalSection(SolutionConfigurationPlatforms) = preSolution
		Debug|Any CPU = Debug|Any CPU
		Release|Any CPU = Release|Any CPU
	EndGlobalSection
	GlobalSection(ProjectConfigurationPlatforms) = postSolution
		{5E899CD9-8378-4B1A-9B2F-00CC86FE52C0}.Debug|Any CPU.ActiveCfg = Debug|Any CPU
		{5E899CD9-8378-4B1A-9B2F-00CC86FE52C0}.Debug|Any CPU.Build.0 = Debug|Any CPU
		{5E899CD9-8378-4B1A-9B2F-00CC86FE52C0}.Release|Any CPU.ActiveCfg = Release|Any CPU
		{5E899CD9-8378-4B1A-9B2F-00CC86FE52C0}.Release|Any CPU.Build.0 = Release|Any CPU
	EndGlobalSection
	GlobalSection(SolutionProperties) = preSolution
		HideSolutionNode = FALSE
	EndGlobalSection
	GlobalSection(ExtensibilityGlobals) = postSolution
		SolutionGuid = {7E7EBFED-3065-4C56-8ED5-77DF5ACFE232}
	EndGlobalSection
EndGlobal
